
Microsoft Visual Studio Solution File, Format Version 12.00
# Visual Studio Version 17
VisualStudioVersion = 17.0.31903.59
MinimumVisualStudioVersion = 10.0.40219.1
Project("{2150E333-8FDC-42A3-9474-1A3956D46DE8}") = "src", "src", "{827E0CD3-B72D-47B6-A68D-7590B98EB39B}"
EndProject
Project("{FAE04EC0-301F-11D3-BF4B-00C04F79EFBC}") = "SportPlanner.Domain", "src\SportPlanner.Domain\SportPlanner.Domain.csproj", "{E6DD7BC9-CCDD-4C7A-B2E0-A5B0E2253DB5}"
EndProject
Project("{FAE04EC0-301F-11D3-BF4B-00C04F79EFBC}") = "SportPlanner.Application", "src\SportPlanner.Application\SportPlanner.Application.csproj", "{AD22BB26-7049-4AD9-9E08-C4432BD04885}"
EndProject
Project("{FAE04EC0-301F-11D3-BF4B-00C04F79EFBC}") = "SportPlanner.Infrastructure", "src\SportPlanner.Infrastructure\SportPlanner.Infrastructure.csproj", "{C512F05C-BBFD-4E63-9FF1-E5A3403B9E7C}"
EndProject
Project("{FAE04EC0-301F-11D3-BF4B-00C04F79EFBC}") = "SportPlanner.API", "src\SportPlanner.API\SportPlanner.API.csproj", "{2CB0C3CD-1689-496B-80D8-352AD669DB92}"
EndProject
Project("{2150E333-8FDC-42A3-9474-1A3956D46DE8}") = "tests", "tests", "{0AB3BF05-4346-4AA6-1389-037BE0695223}"
EndProject
Project("{FAE04EC0-301F-11D3-BF4B-00C04F79EFBC}") = "SportPlanner.Domain.UnitTests", "tests\SportPlanner.Domain.UnitTests\SportPlanner.Domain.UnitTests.csproj", "{7A343BAE-CDDF-428D-AF5A-124E57A539FD}"
EndProject
Project("{FAE04EC0-301F-11D3-BF4B-00C04F79EFBC}") = "SportPlanner.Application.UnitTests", "tests\SportPlanner.Application.UnitTests\SportPlanner.Application.UnitTests.csproj", "{F6BAE2B5-4D50-4257-AB47-7FB5C8814F93}"
EndProject
Project("{FAE04EC0-301F-11D3-BF4B-00C04F79EFBC}") = "SportPlanner.Infrastructure.IntegrationTests", "tests\SportPlanner.Infrastructure.IntegrationTests\SportPlanner.Infrastructure.IntegrationTests.csproj", "{24A2CE09-5EBD-44BB-9719-C333816BC128}"
EndProject
Project("{FAE04EC0-301F-11D3-BF4B-00C04F79EFBC}") = "SportPlanner.API.IntegrationTests", "tests\SportPlanner.API.IntegrationTests\SportPlanner.API.IntegrationTests.csproj", "{F4568F7A-B910-43B1-A476-B3B5C8E1548F}"
EndProject
Global
	GlobalSection(SolutionConfigurationPlatforms) = preSolution
		Debug|Any CPU = Debug|Any CPU
		Debug|x64 = Debug|x64
		Debug|x86 = Debug|x86
		Release|Any CPU = Release|Any CPU
		Release|x64 = Release|x64
		Release|x86 = Release|x86
	EndGlobalSection
	GlobalSection(ProjectConfigurationPlatforms) = postSolution
		{E6DD7BC9-CCDD-4C7A-B2E0-A5B0E2253DB5}.Debug|Any CPU.ActiveCfg = Debug|Any CPU
		{E6DD7BC9-CCDD-4C7A-B2E0-A5B0E2253DB5}.Debug|Any CPU.Build.0 = Debug|Any CPU
		{E6DD7BC9-CCDD-4C7A-B2E0-A5B0E2253DB5}.Debug|x64.ActiveCfg = Debug|Any CPU
		{E6DD7BC9-CCDD-4C7A-B2E0-A5B0E2253DB5}.Debug|x64.Build.0 = Debug|Any CPU
		{E6DD7BC9-CCDD-4C7A-B2E0-A5B0E2253DB5}.Debug|x86.ActiveCfg = Debug|Any CPU
		{E6DD7BC9-CCDD-4C7A-B2E0-A5B0E2253DB5}.Debug|x86.Build.0 = Debug|Any CPU
		{E6DD7BC9-CCDD-4C7A-B2E0-A5B0E2253DB5}.Release|Any CPU.ActiveCfg = Release|Any CPU
		{E6DD7BC9-CCDD-4C7A-B2E0-A5B0E2253DB5}.Release|Any CPU.Build.0 = Release|Any CPU
		{E6DD7BC9-CCDD-4C7A-B2E0-A5B0E2253DB5}.Release|x64.ActiveCfg = Release|Any CPU
		{E6DD7BC9-CCDD-4C7A-B2E0-A5B0E2253DB5}.Release|x64.Build.0 = Release|Any CPU
		{E6DD7BC9-CCDD-4C7A-B2E0-A5B0E2253DB5}.Release|x86.ActiveCfg = Release|Any CPU
		{E6DD7BC9-CCDD-4C7A-B2E0-A5B0E2253DB5}.Release|x86.Build.0 = Release|Any CPU
		{AD22BB26-7049-4AD9-9E08-C4432BD04885}.Debug|Any CPU.ActiveCfg = Debug|Any CPU
		{AD22BB26-7049-4AD9-9E08-C4432BD04885}.Debug|Any CPU.Build.0 = Debug|Any CPU
		{AD22BB26-7049-4AD9-9E08-C4432BD04885}.Debug|x64.ActiveCfg = Debug|Any CPU
		{AD22BB26-7049-4AD9-9E08-C4432BD04885}.Debug|x64.Build.0 = Debug|Any CPU
		{AD22BB26-7049-4AD9-9E08-C4432BD04885}.Debug|x86.ActiveCfg = Debug|Any CPU
		{AD22BB26-7049-4AD9-9E08-C4432BD04885}.Debug|x86.Build.0 = Debug|Any CPU
		{AD22BB26-7049-4AD9-9E08-C4432BD04885}.Release|Any CPU.ActiveCfg = Release|Any CPU
		{AD22BB26-7049-4AD9-9E08-C4432BD04885}.Release|Any CPU.Build.0 = Release|Any CPU
		{AD22BB26-7049-4AD9-9E08-C4432BD04885}.Release|x64.ActiveCfg = Release|Any CPU
		{AD22BB26-7049-4AD9-9E08-C4432BD04885}.Release|x64.Build.0 = Release|Any CPU
		{AD22BB26-7049-4AD9-9E08-C4432BD04885}.Release|x86.ActiveCfg = Release|Any CPU
		{AD22BB26-7049-4AD9-9E08-C4432BD04885}.Release|x86.Build.0 = Release|Any CPU
		{C512F05C-BBFD-4E63-9FF1-E5A3403B9E7C}.Debug|Any CPU.ActiveCfg = Debug|Any CPU
		{C512F05C-BBFD-4E63-9FF1-E5A3403B9E7C}.Debug|Any CPU.Build.0 = Debug|Any CPU
		{C512F05C-BBFD-4E63-9FF1-E5A3403B9E7C}.Debug|x64.ActiveCfg = Debug|Any CPU
		{C512F05C-BBFD-4E63-9FF1-E5A3403B9E7C}.Debug|x64.Build.0 = Debug|Any CPU
		{C512F05C-BBFD-4E63-9FF1-E5A3403B9E7C}.Debug|x86.ActiveCfg = Debug|Any CPU
		{C512F05C-BBFD-4E63-9FF1-E5A3403B9E7C}.Debug|x86.Build.0 = Debug|Any CPU
		{C512F05C-BBFD-4E63-9FF1-E5A3403B9E7C}.Release|Any CPU.ActiveCfg = Release|Any CPU
		{C512F05C-BBFD-4E63-9FF1-E5A3403B9E7C}.Release|Any CPU.Build.0 = Release|Any CPU
		{C512F05C-BBFD-4E63-9FF1-E5A3403B9E7C}.Release|x64.ActiveCfg = Release|Any CPU
		{C512F05C-BBFD-4E63-9FF1-E5A3403B9E7C}.Release|x64.Build.0 = Release|Any CPU
		{C512F05C-BBFD-4E63-9FF1-E5A3403B9E7C}.Release|x86.ActiveCfg = Release|Any CPU
		{C512F05C-BBFD-4E63-9FF1-E5A3403B9E7C}.Release|x86.Build.0 = Release|Any CPU
		{2CB0C3CD-1689-496B-80D8-352AD669DB92}.Debug|Any CPU.ActiveCfg = Debug|Any CPU
		{2CB0C3CD-1689-496B-80D8-352AD669DB92}.Debug|Any CPU.Build.0 = Debug|Any CPU
		{2CB0C3CD-1689-496B-80D8-352AD669DB92}.Debug|x64.ActiveCfg = Debug|Any CPU
		{2CB0C3CD-1689-496B-80D8-352AD669DB92}.Debug|x64.Build.0 = Debug|Any CPU
		{2CB0C3CD-1689-496B-80D8-352AD669DB92}.Debug|x86.ActiveCfg = Debug|Any CPU
		{2CB0C3CD-1689-496B-80D8-352AD669DB92}.Debug|x86.Build.0 = Debug|Any CPU
		{2CB0C3CD-1689-496B-80D8-352AD669DB92}.Release|Any CPU.ActiveCfg = Release|Any CPU
		{2CB0C3CD-1689-496B-80D8-352AD669DB92}.Release|Any CPU.Build.0 = Release|Any CPU
		{2CB0C3CD-1689-496B-80D8-352AD669DB92}.Release|x64.ActiveCfg = Release|Any CPU
		{2CB0C3CD-1689-496B-80D8-352AD669DB92}.Release|x64.Build.0 = Release|Any CPU
		{2CB0C3CD-1689-496B-80D8-352AD669DB92}.Release|x86.ActiveCfg = Release|Any CPU
		{2CB0C3CD-1689-496B-80D8-352AD669DB92}.Release|x86.Build.0 = Release|Any CPU
		{7A343BAE-CDDF-428D-AF5A-124E57A539FD}.Debug|Any CPU.ActiveCfg = Debug|Any CPU
		{7A343BAE-CDDF-428D-AF5A-124E57A539FD}.Debug|Any CPU.Build.0 = Debug|Any CPU
		{7A343BAE-CDDF-428D-AF5A-124E57A539FD}.Debug|x64.ActiveCfg = Debug|Any CPU
		{7A343BAE-CDDF-428D-AF5A-124E57A539FD}.Debug|x64.Build.0 = Debug|Any CPU
		{7A343BAE-CDDF-428D-AF5A-124E57A539FD}.Debug|x86.ActiveCfg = Debug|Any CPU
		{7A343BAE-CDDF-428D-AF5A-124E57A539FD}.Debug|x86.Build.0 = Debug|Any CPU
		{7A343BAE-CDDF-428D-AF5A-124E57A539FD}.Release|Any CPU.ActiveCfg = Release|Any CPU
		{7A343BAE-CDDF-428D-AF5A-124E57A539FD}.Release|Any CPU.Build.0 = Release|Any CPU
		{7A343BAE-CDDF-428D-AF5A-124E57A539FD}.Release|x64.ActiveCfg = Release|Any CPU
		{7A343BAE-CDDF-428D-AF5A-124E57A539FD}.Release|x64.Build.0 = Release|Any CPU
		{7A343BAE-CDDF-428D-AF5A-124E57A539FD}.Release|x86.ActiveCfg = Release|Any CPU
		{7A343BAE-CDDF-428D-AF5A-124E57A539FD}.Release|x86.Build.0 = Release|Any CPU
		{F6BAE2B5-4D50-4257-AB47-7FB5C8814F93}.Debug|Any CPU.ActiveCfg = Debug|Any CPU
		{F6BAE2B5-4D50-4257-AB47-7FB5C8814F93}.Debug|Any CPU.Build.0 = Debug|Any CPU
		{F6BAE2B5-4D50-4257-AB47-7FB5C8814F93}.Debug|x64.ActiveCfg = Debug|Any CPU
		{F6BAE2B5-4D50-4257-AB47-7FB5C8814F93}.Debug|x64.Build.0 = Debug|Any CPU
		{F6BAE2B5-4D50-4257-AB47-7FB5C8814F93}.Debug|x86.ActiveCfg = Debug|Any CPU
		{F6BAE2B5-4D50-4257-AB47-7FB5C8814F93}.Debug|x86.Build.0 = Debug|Any CPU
		{F6BAE2B5-4D50-4257-AB47-7FB5C8814F93}.Release|Any CPU.ActiveCfg = Release|Any CPU
		{F6BAE2B5-4D50-4257-AB47-7FB5C8814F93}.Release|Any CPU.Build.0 = Release|Any CPU
		{F6BAE2B5-4D50-4257-AB47-7FB5C8814F93}.Release|x64.ActiveCfg = Release|Any CPU
		{F6BAE2B5-4D50-4257-AB47-7FB5C8814F93}.Release|x64.Build.0 = Release|Any CPU
		{F6BAE2B5-4D50-4257-AB47-7FB5C8814F93}.Release|x86.ActiveCfg = Release|Any CPU
		{F6BAE2B5-4D50-4257-AB47-7FB5C8814F93}.Release|x86.Build.0 = Release|Any CPU
		{24A2CE09-5EBD-44BB-9719-C333816BC128}.Debug|Any CPU.ActiveCfg = Debug|Any CPU
		{24A2CE09-5EBD-44BB-9719-C333816BC128}.Debug|Any CPU.Build.0 = Debug|Any CPU
		{24A2CE09-5EBD-44BB-9719-C333816BC128}.Debug|x64.ActiveCfg = Debug|Any CPU
		{24A2CE09-5EBD-44BB-9719-C333816BC128}.Debug|x64.Build.0 = Debug|Any CPU
		{24A2CE09-5EBD-44BB-9719-C333816BC128}.Debug|x86.ActiveCfg = Debug|Any CPU
		{24A2CE09-5EBD-44BB-9719-C333816BC128}.Debug|x86.Build.0 = Debug|Any CPU
		{24A2CE09-5EBD-44BB-9719-C333816BC128}.Release|Any CPU.ActiveCfg = Release|Any CPU
		{24A2CE09-5EBD-44BB-9719-C333816BC128}.Release|Any CPU.Build.0 = Release|Any CPU
		{24A2CE09-5EBD-44BB-9719-C333816BC128}.Release|x64.ActiveCfg = Release|Any CPU
		{24A2CE09-5EBD-44BB-9719-C333816BC128}.Release|x64.Build.0 = Release|Any CPU
		{24A2CE09-5EBD-44BB-9719-C333816BC128}.Release|x86.ActiveCfg = Release|Any CPU
		{24A2CE09-5EBD-44BB-9719-C333816BC128}.Release|x86.Build.0 = Release|Any CPU
		{F4568F7A-B910-43B1-A476-B3B5C8E1548F}.Debug|Any CPU.ActiveCfg = Debug|Any CPU
		{F4568F7A-B910-43B1-A476-B3B5C8E1548F}.Debug|Any CPU.Build.0 = Debug|Any CPU
		{F4568F7A-B910-43B1-A476-B3B5C8E1548F}.Debug|x64.ActiveCfg = Debug|Any CPU
		{F4568F7A-B910-43B1-A476-B3B5C8E1548F}.Debug|x64.Build.0 = Debug|Any CPU
		{F4568F7A-B910-43B1-A476-B3B5C8E1548F}.Debug|x86.ActiveCfg = Debug|Any CPU
		{F4568F7A-B910-43B1-A476-B3B5C8E1548F}.Debug|x86.Build.0 = Debug|Any CPU
		{F4568F7A-B910-43B1-A476-B3B5C8E1548F}.Release|Any CPU.ActiveCfg = Release|Any CPU
		{F4568F7A-B910-43B1-A476-B3B5C8E1548F}.Release|Any CPU.Build.0 = Release|Any CPU
		{F4568F7A-B910-43B1-A476-B3B5C8E1548F}.Release|x64.ActiveCfg = Release|Any CPU
		{F4568F7A-B910-43B1-A476-B3B5C8E1548F}.Release|x64.Build.0 = Release|Any CPU
		{F4568F7A-B910-43B1-A476-B3B5C8E1548F}.Release|x86.ActiveCfg = Release|Any CPU
		{F4568F7A-B910-43B1-A476-B3B5C8E1548F}.Release|x86.Build.0 = Release|Any CPU
	EndGlobalSection
	GlobalSection(SolutionProperties) = preSolution
		HideSolutionNode = FALSE
	EndGlobalSection
	GlobalSection(NestedProjects) = preSolution
		{E6DD7BC9-CCDD-4C7A-B2E0-A5B0E2253DB5} = {827E0CD3-B72D-47B6-A68D-7590B98EB39B}
		{AD22BB26-7049-4AD9-9E08-C4432BD04885} = {827E0CD3-B72D-47B6-A68D-7590B98EB39B}
		{C512F05C-BBFD-4E63-9FF1-E5A3403B9E7C} = {827E0CD3-B72D-47B6-A68D-7590B98EB39B}
		{2CB0C3CD-1689-496B-80D8-352AD669DB92} = {827E0CD3-B72D-47B6-A68D-7590B98EB39B}
		{7A343BAE-CDDF-428D-AF5A-124E57A539FD} = {0AB3BF05-4346-4AA6-1389-037BE0695223}
		{F6BAE2B5-4D50-4257-AB47-7FB5C8814F93} = {0AB3BF05-4346-4AA6-1389-037BE0695223}
		{24A2CE09-5EBD-44BB-9719-C333816BC128} = {0AB3BF05-4346-4AA6-1389-037BE0695223}
		{F4568F7A-B910-43B1-A476-B3B5C8E1548F} = {0AB3BF05-4346-4AA6-1389-037BE0695223}
	EndGlobalSection
EndGlobal
